// !$*UTF8*$!
{
	archiveVersion = 1;
	classes = {};
	objectVersion = 56;
	objects = {

/* Begin PBXBuildFile section */
		AA000001 /* main.m in Sources */ = {isa = PBXBuildFile; fileRef = AA100001 /* main.m */; };
		AA000002 /* AppDelegate.m in Sources */ = {isa = PBXBuildFile; fileRef = AA100002 /* AppDelegate.m */; };
		AA000003 /* MainViewController.m in Sources */ = {isa = PBXBuildFile; fileRef = AA100003 /* MainViewController.m */; };
		AA000004 /* VCamReceiver.m in Sources */ = {isa = PBXBuildFile; fileRef = AA100004 /* VCamReceiver.m */; };
		AA000005 /* VCamHook.m in Sources */ = {isa = PBXBuildFile; fileRef = AA100009 /* VCamHook.m */; };
/* End PBXBuildFile section */

/* Begin PBXFileReference section */
		AA100001 /* main.m */ = {isa = PBXFileReference; lastKnownFileType = sourcecode.c.objc; path = main.m; sourceTree = "<group>"; };
		AA100002 /* AppDelegate.m */ = {isa = PBXFileReference; lastKnownFileType = sourcecode.c.objc; path = AppDelegate.m; sourceTree = "<group>"; };
		AA100003 /* MainViewController.m */ = {isa = PBXFileReference; lastKnownFileType = sourcecode.c.objc; path = MainViewController.m; sourceTree = "<group>"; };
		AA100004 /* VCamReceiver.m */ = {isa = PBXFileReference; lastKnownFileType = sourcecode.c.objc; path = VCamReceiver.m; sourceTree = "<group>"; };
		AA100009 /* VCamHook.m */ = {isa = PBXFileReference; lastKnownFileType = sourcecode.c.objc; path = VCamHook.m; sourceTree = "<group>"; };
		AA100010 /* VCamHook.h */ = {isa = PBXFileReference; lastKnownFileType = sourcecode.c.h; path = VCamHook.h; sourceTree = "<group>"; };
		AA100005 /* AppDelegate.h */ = {isa = PBXFileReference; lastKnownFileType = sourcecode.c.h; path = AppDelegate.h; sourceTree = "<group>"; };
		AA100006 /* MainViewController.h */ = {isa = PBXFileReference; lastKnownFileType = sourcecode.c.h; path = MainViewController.h; sourceTree = "<group>"; };
		AA100007 /* VCamReceiver.h */ = {isa = PBXFileReference; lastKnownFileType = sourcecode.c.h; path = VCamReceiver.h; sourceTree = "<group>"; };
		AA100008 /* Info.plist */ = {isa = PBXFileReference; lastKnownFileType = text.plist.xml; path = Info.plist; sourceTree = "<group>"; };
		AA200001 /* VCamJoy.app */ = {isa = PBXFileReference; explicitFileType = wrapper.application; includeInIndex = 0; path = VCamJoy.app; sourceTree = BUILT_PRODUCTS_DIR; };
/* End PBXFileReference section */

/* Begin PBXFrameworksBuildPhase section */
		AA300001 /* Frameworks */ = {
			isa = PBXFrameworksBuildPhase;
			buildActionMask = 2147483647;
			files = ();
			runOnlyForDeploymentPostprocessing = 0;
		};
/* End PBXFrameworksBuildPhase section */

/* Begin PBXGroup section */
		AA400001 = {
			isa = PBXGroup;
			children = (AA400002, AA400003);
			sourceTree = "<group>";
		};
		AA400002 /* VCamJoy */ = {
			isa = PBXGroup;
			children = (
				AA100001, AA100002, AA100003, AA100004,
				AA100005, AA100006, AA100007, AA100008, AA100009, AA100010,
			);
			path = Sources;
			sourceTree = "<group>";
		};
		AA400003 /* Products */ = {
			isa = PBXGroup;
			children = (AA200001);
			name = Products;
			sourceTree = "<group>";
		};
/* End PBXGroup section */

/* Begin PBXNativeTarget section */
		AA500001 /* VCamJoy */ = {
			isa = PBXNativeTarget;
			buildConfigurationList = AA700001;
			buildPhases = (AA600001, AA300001, AA600002);
			buildRules = ();
			dependencies = ();
			name = VCamJoy;
			productName = VCamJoy;
			productReference = AA200001;
			productType = "com.apple.product-type.application";
		};
/* End PBXNativeTarget section */

/* Begin PBXProject section */
		AA800001 /* Project */ = {
			isa = PBXProject;
			attributes = {LastUpgradeCheck = 1500;};
			buildConfigurationList = AA700002;
			compatibilityVersion = "Xcode 14.0";
			developmentRegion = en;
			hasScannedForEncodings = 0;
			knownRegions = (en, Base);
			mainGroup = AA400001;
			productRefGroup = AA400003;
			projectDirPath = "";
			projectRoot = "";
			targets = (AA500001);
		};
/* End PBXProject section */

/* Begin PBXSourcesBuildPhase section */
		AA600001 /* Sources */ = {
			isa = PBXSourcesBuildPhase;
			buildActionMask = 2147483647;
			files = (AA000001, AA000002, AA000003, AA000004, AA000005);
			runOnlyForDeploymentPostprocessing = 0;
		};
/* End PBXSourcesBuildPhase section */

/* Begin PBXResourcesBuildPhase section */
		AA600002 /* Resources */ = {
			isa = PBXResourcesBuildPhase;
			buildActionMask = 2147483647;
			files = ();
			runOnlyForDeploymentPostprocessing = 0;
		};
/* End PBXResourcesBuildPhase section */

/* Begin XCBuildConfiguration section */
		AA700010 /* Release Target */ = {
			isa = XCBuildConfiguration;
			buildSettings = {
				ALWAYS_SEARCH_USER_PATHS = NO;
				CLANG_ENABLE_OBJC_ARC = YES;
				CODE_SIGNING_ALLOWED = NO;
				CODE_SIGNING_REQUIRED = NO;
				CODE_SIGN_IDENTITY = "";
				ENABLE_BITCODE = NO;
				INFOPLIST_FILE = "Sources/Info.plist";
				IPHONEOS_DEPLOYMENT_TARGET = 15.0;
				LD_RUNPATH_SEARCH_PATHS = "$(inherited) @executable_path/Frameworks";
				PRODUCT_BUNDLE_IDENTIFIER = com.vcamjoy.app;
				PRODUCT_NAME = VCamJoy;
				SDKROOT = iphoneos;
				TARGETED_DEVICE_FAMILY = 1;
				FRAMEWORK_SEARCH_PATHS = "$(inherited)";
				OTHER_LDFLAGS = (
					"-framework", "UIKit",
					"-framework", "AVFoundation",
					"-framework", "CoreVideo",
					"-framework", "CoreMedia",
					"-framework", "CoreGraphics",
					"-framework", "Foundation",
					"-framework", "QuartzCore",
					"-framework", "CoreImage",
					"-framework", "Photos",
				);
			};
			name = Release;
		};
		AA700011 /* Release Project */ = {
			isa = XCBuildConfiguration;
			buildSettings = {
				ALWAYS_SEARCH_USER_PATHS = NO;
				IPHONEOS_DEPLOYMENT_TARGET = 15.0;
				SDKROOT = iphoneos;
			};
			name = Release;
		};
/* End XCBuildConfiguration section */

/* Begin XCConfigurationList section */
		AA700001 /* Target configs */ = {
			isa = XCConfigurationList;
			buildConfigurations = (AA700010);
			defaultConfigurationIsVisible = 0;
			defaultConfigurationName = Release;
		};
		AA700002 /* Project configs */ = {
			isa = XCConfigurationList;
			buildConfigurations = (AA700011);
			defaultConfigurationIsVisible = 0;
			defaultConfigurationName = Release;
		};
/* End XCConfigurationList section */

	};
	rootObject = AA800001;
}
